// !$*UTF8*$!
{
	archiveVersion = 1;
	classes = {
	};
	objectVersion = 56;
	objects = {

/* Begin PBXBuildFile section */
		163243AF29CEE66000074F58 /* CartView.swift in Sources */ = {isa = PBXBuildFile; fileRef = 163243AE29CEE66000074F58 /* CartView.swift */; };
		163243B129CEEE1400074F58 /* LocationHelper.swift in Sources */ = {isa = PBXBuildFile; fileRef = 163243B029CEEE1400074F58 /* LocationHelper.swift */; };
		16397A1929CB91B800BD05EA /* FireDBHelper.swift in Sources */ = {isa = PBXBuildFile; fileRef = 16397A1829CB91B800BD05EA /* FireDBHelper.swift */; };
		16397A1B29CB997A00BD05EA /* ProductItem.swift in Sources */ = {isa = PBXBuildFile; fileRef = 16397A1A29CB997A00BD05EA /* ProductItem.swift */; };
		16397A1E29CB9BE900BD05EA /* URLImage in Frameworks */ = {isa = PBXBuildFile; productRef = 16397A1D29CB9BE900BD05EA /* URLImage */; };
		8313DA7229C7FBBB00BE7AC2 /* HustlerApp.swift in Sources */ = {isa = PBXBuildFile; fileRef = 8313DA7129C7FBBB00BE7AC2 /* HustlerApp.swift */; };
		8313DA7429C7FBBB00BE7AC2 /* ContentView.swift in Sources */ = {isa = PBXBuildFile; fileRef = 8313DA7329C7FBBB00BE7AC2 /* ContentView.swift */; };
		8313DA7629C7FBBE00BE7AC2 /* Assets.xcassets in Resources */ = {isa = PBXBuildFile; fileRef = 8313DA7529C7FBBE00BE7AC2 /* Assets.xcassets */; };
		8313DA7929C7FBBE00BE7AC2 /* Preview Assets.xcassets in Resources */ = {isa = PBXBuildFile; fileRef = 8313DA7829C7FBBE00BE7AC2 /* Preview Assets.xcassets */; };
		8313DA8029C7FDB600BE7AC2 /* GoogleService-Info.plist in Resources */ = {isa = PBXBuildFile; fileRef = 8313DA7F29C7FDB600BE7AC2 /* GoogleService-Info.plist */; };
		8313DA8329C7FFF700BE7AC2 /* FirebaseAuth in Frameworks */ = {isa = PBXBuildFile; productRef = 8313DA8229C7FFF700BE7AC2 /* FirebaseAuth */; };
		8313DA8529C7FFF700BE7AC2 /* FirebaseFirestore in Frameworks */ = {isa = PBXBuildFile; productRef = 8313DA8429C7FFF700BE7AC2 /* FirebaseFirestore */; };
		8313DA8729C7FFF700BE7AC2 /* FirebaseFirestoreSwift in Frameworks */ = {isa = PBXBuildFile; productRef = 8313DA8629C7FFF700BE7AC2 /* FirebaseFirestoreSwift */; };
		8313DA8C29C8024E00BE7AC2 /* Product.swift in Sources */ = {isa = PBXBuildFile; fileRef = 8313DA8B29C8024E00BE7AC2 /* Product.swift */; };
		8313DA8E29C8025700BE7AC2 /* Store.swift in Sources */ = {isa = PBXBuildFile; fileRef = 8313DA8D29C8025600BE7AC2 /* Store.swift */; };
		8313DA9029C802CC00BE7AC2 /* SignInView.swift in Sources */ = {isa = PBXBuildFile; fileRef = 8313DA8F29C802CC00BE7AC2 /* SignInView.swift */; };
		8313DA9229C802D700BE7AC2 /* SignUpView.swift in Sources */ = {isa = PBXBuildFile; fileRef = 8313DA9129C802D700BE7AC2 /* SignUpView.swift */; };
		8313DA9429C802F100BE7AC2 /* MainView.swift in Sources */ = {isa = PBXBuildFile; fileRef = 8313DA9329C802F100BE7AC2 /* MainView.swift */; };
		8313DA9629C8030F00BE7AC2 /* ProductsListView.swift in Sources */ = {isa = PBXBuildFile; fileRef = 8313DA9529C8030F00BE7AC2 /* ProductsListView.swift */; };
		8313DA9829C803AE00BE7AC2 /* ProductDetailView.swift in Sources */ = {isa = PBXBuildFile; fileRef = 8313DA9729C803AE00BE7AC2 /* ProductDetailView.swift */; };
		8313DA9A29C803CB00BE7AC2 /* OrdersHistoryView.swift in Sources */ = {isa = PBXBuildFile; fileRef = 8313DA9929C803CB00BE7AC2 /* OrdersHistoryView.swift */; };
		8313DAA229C804CE00BE7AC2 /* OrderDetailView.swift in Sources */ = {isa = PBXBuildFile; fileRef = 8313DAA129C804CE00BE7AC2 /* OrderDetailView.swift */; };
		8313DAA429C807F000BE7AC2 /* OrdersListView.swift in Sources */ = {isa = PBXBuildFile; fileRef = 8313DAA329C807F000BE7AC2 /* OrdersListView.swift */; };
		8313DAA829C8083D00BE7AC2 /* DataSource.swift in Sources */ = {isa = PBXBuildFile; fileRef = 8313DAA729C8083D00BE7AC2 /* DataSource.swift */; };
		8313DAAA29C80A2800BE7AC2 /* FireAuthHelper.swift in Sources */ = {isa = PBXBuildFile; fileRef = 8313DAA929C80A2800BE7AC2 /* FireAuthHelper.swift */; };
		8313DAAC29C80F9100BE7AC2 /* Order.swift in Sources */ = {isa = PBXBuildFile; fileRef = 8313DAAB29C80F9100BE7AC2 /* Order.swift */; };
		8313DAAE29C80FDE00BE7AC2 /* Customer.swift in Sources */ = {isa = PBXBuildFile; fileRef = 8313DAAD29C80FDE00BE7AC2 /* Customer.swift */; };
		83B5591A29CAA51D00E14D16 /* OrderCheckoutView.swift in Sources */ = {isa = PBXBuildFile; fileRef = 83B5591929CAA51D00E14D16 /* OrderCheckoutView.swift */; };
		83B5591E29CAAA7000E14D16 /* RootView.swift in Sources */ = {isa = PBXBuildFile; fileRef = 83B5591D29CAAA7000E14D16 /* RootView.swift */; };
/* End PBXBuildFile section */

/* Begin PBXFileReference section */
		163243AE29CEE66000074F58 /* CartView.swift */ = {isa = PBXFileReference; lastKnownFileType = sourcecode.swift; path = CartView.swift; sourceTree = "<group>"; };
		163243B029CEEE1400074F58 /* LocationHelper.swift */ = {isa = PBXFileReference; lastKnownFileType = sourcecode.swift; path = LocationHelper.swift; sourceTree = "<group>"; };
		16397A1829CB91B800BD05EA /* FireDBHelper.swift */ = {isa = PBXFileReference; lastKnownFileType = sourcecode.swift; path = FireDBHelper.swift; sourceTree = "<group>"; };
		16397A1A29CB997A00BD05EA /* ProductItem.swift */ = {isa = PBXFileReference; lastKnownFileType = sourcecode.swift; path = ProductItem.swift; sourceTree = "<group>"; };
		8313DA6E29C7FBBB00BE7AC2 /* Hustler.app */ = {isa = PBXFileReference; explicitFileType = wrapper.application; includeInIndex = 0; path = Hustler.app; sourceTree = BUILT_PRODUCTS_DIR; };
		8313DA7129C7FBBB00BE7AC2 /* HustlerApp.swift */ = {isa = PBXFileReference; lastKnownFileType = sourcecode.swift; path = HustlerApp.swift; sourceTree = "<group>"; };
		8313DA7329C7FBBB00BE7AC2 /* ContentView.swift */ = {isa = PBXFileReference; lastKnownFileType = sourcecode.swift; path = ContentView.swift; sourceTree = "<group>"; };
		8313DA7529C7FBBE00BE7AC2 /* Assets.xcassets */ = {isa = PBXFileReference; lastKnownFileType = folder.assetcatalog; path = Assets.xcassets; sourceTree = "<group>"; };
		8313DA7829C7FBBE00BE7AC2 /* Preview Assets.xcassets */ = {isa = PBXFileReference; lastKnownFileType = folder.assetcatalog; path = "Preview Assets.xcassets"; sourceTree = "<group>"; };
		8313DA7F29C7FDB600BE7AC2 /* GoogleService-Info.plist */ = {isa = PBXFileReference; fileEncoding = 4; lastKnownFileType = text.plist.xml; path = "GoogleService-Info.plist"; sourceTree = "<group>"; };
		8313DA8B29C8024E00BE7AC2 /* Product.swift */ = {isa = PBXFileReference; lastKnownFileType = sourcecode.swift; path = Product.swift; sourceTree = "<group>"; };
		8313DA8D29C8025600BE7AC2 /* Store.swift */ = {isa = PBXFileReference; lastKnownFileType = sourcecode.swift; path = Store.swift; sourceTree = "<group>"; };
		8313DA8F29C802CC00BE7AC2 /* SignInView.swift */ = {isa = PBXFileReference; lastKnownFileType = sourcecode.swift; path = SignInView.swift; sourceTree = "<group>"; };
		8313DA9129C802D700BE7AC2 /* SignUpView.swift */ = {isa = PBXFileReference; lastKnownFileType = sourcecode.swift; path = SignUpView.swift; sourceTree = "<group>"; };
		8313DA9329C802F100BE7AC2 /* MainView.swift */ = {isa = PBXFileReference; lastKnownFileType = sourcecode.swift; path = MainView.swift; sourceTree = "<group>"; };
		8313DA9529C8030F00BE7AC2 /* ProductsListView.swift */ = {isa = PBXFileReference; lastKnownFileType = sourcecode.swift; path = ProductsListView.swift; sourceTree = "<group>"; };
		8313DA9729C803AE00BE7AC2 /* ProductDetailView.swift */ = {isa = PBXFileReference; lastKnownFileType = sourcecode.swift; path = ProductDetailView.swift; sourceTree = "<group>"; };
		8313DA9929C803CB00BE7AC2 /* OrdersHistoryView.swift */ = {isa = PBXFileReference; lastKnownFileType = sourcecode.swift; path = OrdersHistoryView.swift; sourceTree = "<group>"; };
		8313DAA129C804CE00BE7AC2 /* OrderDetailView.swift */ = {isa = PBXFileReference; lastKnownFileType = sourcecode.swift; path = OrderDetailView.swift; sourceTree = "<group>"; };
		8313DAA329C807F000BE7AC2 /* OrdersListView.swift */ = {isa = PBXFileReference; lastKnownFileType = sourcecode.swift; path = OrdersListView.swift; sourceTree = "<group>"; };
		8313DAA729C8083D00BE7AC2 /* DataSource.swift */ = {isa = PBXFileReference; lastKnownFileType = sourcecode.swift; path = DataSource.swift; sourceTree = "<group>"; };
		8313DAA929C80A2800BE7AC2 /* FireAuthHelper.swift */ = {isa = PBXFileReference; lastKnownFileType = sourcecode.swift; path = FireAuthHelper.swift; sourceTree = "<group>"; };
		8313DAAB29C80F9100BE7AC2 /* Order.swift */ = {isa = PBXFileReference; lastKnownFileType = sourcecode.swift; path = Order.swift; sourceTree = "<group>"; };
		8313DAAD29C80FDE00BE7AC2 /* Customer.swift */ = {isa = PBXFileReference; lastKnownFileType = sourcecode.swift; path = Customer.swift; sourceTree = "<group>"; };
		83B5591929CAA51D00E14D16 /* OrderCheckoutView.swift */ = {isa = PBXFileReference; lastKnownFileType = sourcecode.swift; path = OrderCheckoutView.swift; sourceTree = "<group>"; };
		83B5591D29CAAA7000E14D16 /* RootView.swift */ = {isa = PBXFileReference; lastKnownFileType = sourcecode.swift; path = RootView.swift; sourceTree = "<group>"; };
/* End PBXFileReference section */

/* Begin PBXFrameworksBuildPhase section */
		8313DA6B29C7FBBB00BE7AC2 /* Frameworks */ = {
			isa = PBXFrameworksBuildPhase;
			buildActionMask = 2147483647;
			files = (
				8313DA8329C7FFF700BE7AC2 /* FirebaseAuth in Frameworks */,
				8313DA8529C7FFF700BE7AC2 /* FirebaseFirestore in Frameworks */,
				16397A1E29CB9BE900BD05EA /* URLImage in Frameworks */,
				8313DA8729C7FFF700BE7AC2 /* FirebaseFirestoreSwift in Frameworks */,
			);
			runOnlyForDeploymentPostprocessing = 0;
		};
/* End PBXFrameworksBuildPhase section */

/* Begin PBXGroup section */
		8313DA6529C7FBBB00BE7AC2 = {
			isa = PBXGroup;
			children = (
				8313DA7F29C7FDB600BE7AC2 /* GoogleService-Info.plist */,
				8313DA7029C7FBBB00BE7AC2 /* Hustler */,
				8313DA6F29C7FBBB00BE7AC2 /* Products */,
			);
			sourceTree = "<group>";
		};
		8313DA6F29C7FBBB00BE7AC2 /* Products */ = {
			isa = PBXGroup;
			children = (
				8313DA6E29C7FBBB00BE7AC2 /* Hustler.app */,
			);
			name = Products;
			sourceTree = "<group>";
		};
		8313DA7029C7FBBB00BE7AC2 /* Hustler */ = {
			isa = PBXGroup;
			children = (
				8313DA8A29C8021300BE7AC2 /* models */,
				8313DA8929C8020300BE7AC2 /* controllers */,
				8313DA8829C801F200BE7AC2 /* views */,
				8313DA7129C7FBBB00BE7AC2 /* HustlerApp.swift */,
				8313DA7529C7FBBE00BE7AC2 /* Assets.xcassets */,
				8313DA7729C7FBBE00BE7AC2 /* Preview Content */,
			);
			path = Hustler;
			sourceTree = "<group>";
		};
		8313DA7729C7FBBE00BE7AC2 /* Preview Content */ = {
			isa = PBXGroup;
			children = (
				8313DA7829C7FBBE00BE7AC2 /* Preview Assets.xcassets */,
			);
			path = "Preview Content";
			sourceTree = "<group>";
		};
		8313DA8829C801F200BE7AC2 /* views */ = {
			isa = PBXGroup;
			children = (
				8313DAA029C8049000BE7AC2 /* mainViews */,
				8313DA9F29C8046900BE7AC2 /* hustlerViews */,
				8313DA9D29C8041900BE7AC2 /* buyerViews */,
			);
			path = views;
			sourceTree = "<group>";
		};
		8313DA8929C8020300BE7AC2 /* controllers */ = {
			isa = PBXGroup;
			children = (
				8313DAA929C80A2800BE7AC2 /* FireAuthHelper.swift */,
				16397A1829CB91B800BD05EA /* FireDBHelper.swift */,
				163243B029CEEE1400074F58 /* LocationHelper.swift */,
			);
			path = controllers;
			sourceTree = "<group>";
		};
		8313DA8A29C8021300BE7AC2 /* models */ = {
			isa = PBXGroup;
			children = (
				8313DA8B29C8024E00BE7AC2 /* Product.swift */,
				8313DA8D29C8025600BE7AC2 /* Store.swift */,
				8313DAA729C8083D00BE7AC2 /* DataSource.swift */,
				8313DAAB29C80F9100BE7AC2 /* Order.swift */,
				8313DAAD29C80FDE00BE7AC2 /* Customer.swift */,
			);
			path = models;
			sourceTree = "<group>";
		};
		8313DA9D29C8041900BE7AC2 /* buyerViews */ = {
			isa = PBXGroup;
			children = (
				8313DA9529C8030F00BE7AC2 /* ProductsListView.swift */,
				8313DA9729C803AE00BE7AC2 /* ProductDetailView.swift */,
				8313DA9929C803CB00BE7AC2 /* OrdersHistoryView.swift */,
				83B5591929CAA51D00E14D16 /* OrderCheckoutView.swift */,
				16397A1A29CB997A00BD05EA /* ProductItem.swift */,
				163243AE29CEE66000074F58 /* CartView.swift */,
			);
			path = buyerViews;
			sourceTree = "<group>";
		};
		8313DA9F29C8046900BE7AC2 /* hustlerViews */ = {
			isa = PBXGroup;
			children = (
				8313DAA329C807F000BE7AC2 /* OrdersListView.swift */,
				8313DAA129C804CE00BE7AC2 /* OrderDetailView.swift */,
			);
			path = hustlerViews;
			sourceTree = "<group>";
		};
		8313DAA029C8049000BE7AC2 /* mainViews */ = {
			isa = PBXGroup;
			children = (
				8313DA7329C7FBBB00BE7AC2 /* ContentView.swift */,
				8313DA8F29C802CC00BE7AC2 /* SignInView.swift */,
				8313DA9129C802D700BE7AC2 /* SignUpView.swift */,
				8313DA9329C802F100BE7AC2 /* MainView.swift */,
				83B5591D29CAAA7000E14D16 /* RootView.swift */,
			);
			path = mainViews;
			sourceTree = "<group>";
		};
/* End PBXGroup section */

/* Begin PBXNativeTarget section */
		8313DA6D29C7FBBB00BE7AC2 /* Hustler */ = {
			isa = PBXNativeTarget;
			buildConfigurationList = 8313DA7C29C7FBBE00BE7AC2 /* Build configuration list for PBXNativeTarget "Hustler" */;
			buildPhases = (
				8313DA6A29C7FBBB00BE7AC2 /* Sources */,
				8313DA6B29C7FBBB00BE7AC2 /* Frameworks */,
				8313DA6C29C7FBBB00BE7AC2 /* Resources */,
			);
			buildRules = (
			);
			dependencies = (
			);
			name = Hustler;
			packageProductDependencies = (
				8313DA8229C7FFF700BE7AC2 /* FirebaseAuth */,
				8313DA8429C7FFF700BE7AC2 /* FirebaseFirestore */,
				8313DA8629C7FFF700BE7AC2 /* FirebaseFirestoreSwift */,
				16397A1D29CB9BE900BD05EA /* URLImage */,
			);
			productName = Hustler;
			productReference = 8313DA6E29C7FBBB00BE7AC2 /* Hustler.app */;
			productType = "com.apple.product-type.application";
		};
/* End PBXNativeTarget section */

/* Begin PBXProject section */
		8313DA6629C7FBBB00BE7AC2 /* Project object */ = {
			isa = PBXProject;
			attributes = {
				BuildIndependentTargetsInParallel = 1;
				LastSwiftUpdateCheck = 1420;
				LastUpgradeCheck = 1420;
				TargetAttributes = {
					8313DA6D29C7FBBB00BE7AC2 = {
						CreatedOnToolsVersion = 14.2;
					};
				};
			};
			buildConfigurationList = 8313DA6929C7FBBB00BE7AC2 /* Build configuration list for PBXProject "Hustler" */;
			compatibilityVersion = "Xcode 14.0";
			developmentRegion = en;
			hasScannedForEncodings = 0;
			knownRegions = (
				en,
				Base,
			);
			mainGroup = 8313DA6529C7FBBB00BE7AC2;
			packageReferences = (
				8313DA8129C7FFF700BE7AC2 /* XCRemoteSwiftPackageReference "firebase-ios-sdk" */,
				16397A1C29CB9BE900BD05EA /* XCRemoteSwiftPackageReference "url-image" */,
			);
			productRefGroup = 8313DA6F29C7FBBB00BE7AC2 /* Products */;
			projectDirPath = "";
			projectRoot = "";
			targets = (
				8313DA6D29C7FBBB00BE7AC2 /* Hustler */,
			);
		};
/* End PBXProject section */

/* Begin PBXResourcesBuildPhase section */
		8313DA6C29C7FBBB00BE7AC2 /* Resources */ = {
			isa = PBXResourcesBuildPhase;
			buildActionMask = 2147483647;
			files = (
				8313DA7929C7FBBE00BE7AC2 /* Preview Assets.xcassets in Resources */,
				8313DA7629C7FBBE00BE7AC2 /* Assets.xcassets in Resources */,
				8313DA8029C7FDB600BE7AC2 /* GoogleService-Info.plist in Resources */,
			);
			runOnlyForDeploymentPostprocessing = 0;
		};
/* End PBXResourcesBuildPhase section */

/* Begin PBXSourcesBuildPhase section */
		8313DA6A29C7FBBB00BE7AC2 /* Sources */ = {
			isa = PBXSourcesBuildPhase;
			buildActionMask = 2147483647;
			files = (
				8313DA7429C7FBBB00BE7AC2 /* ContentView.swift in Sources */,
				83B5591A29CAA51D00E14D16 /* OrderCheckoutView.swift in Sources */,
				8313DAA429C807F000BE7AC2 /* OrdersListView.swift in Sources */,
				8313DAA229C804CE00BE7AC2 /* OrderDetailView.swift in Sources */,
				8313DAA829C8083D00BE7AC2 /* DataSource.swift in Sources */,
				8313DA9429C802F100BE7AC2 /* MainView.swift in Sources */,
				16397A1929CB91B800BD05EA /* FireDBHelper.swift in Sources */,
				8313DA7229C7FBBB00BE7AC2 /* HustlerApp.swift in Sources */,
				8313DA8C29C8024E00BE7AC2 /* Product.swift in Sources */,
				8313DAAA29C80A2800BE7AC2 /* FireAuthHelper.swift in Sources */,
				8313DA9629C8030F00BE7AC2 /* ProductsListView.swift in Sources */,
				8313DA8E29C8025700BE7AC2 /* Store.swift in Sources */,
				163243B129CEEE1400074F58 /* LocationHelper.swift in Sources */,
				16397A1B29CB997A00BD05EA /* ProductItem.swift in Sources */,
				8313DA9229C802D700BE7AC2 /* SignUpView.swift in Sources */,
				8313DAAE29C80FDE00BE7AC2 /* Customer.swift in Sources */,
				163243AF29CEE66000074F58 /* CartView.swift in Sources */,
				8313DA9029C802CC00BE7AC2 /* SignInView.swift in Sources */,
				83B5591E29CAAA7000E14D16 /* RootView.swift in Sources */,
				8313DAAC29C80F9100BE7AC2 /* Order.swift in Sources */,
				8313DA9A29C803CB00BE7AC2 /* OrdersHistoryView.swift in Sources */,
				8313DA9829C803AE00BE7AC2 /* ProductDetailView.swift in Sources */,
			);
			runOnlyForDeploymentPostprocessing = 0;
		};
/* End PBXSourcesBuildPhase section */

/* Begin XCBuildConfiguration section */
		8313DA7A29C7FBBE00BE7AC2 /* Debug */ = {
			isa = XCBuildConfiguration;
			buildSettings = {
				ALWAYS_SEARCH_USER_PATHS = NO;
				CLANG_ANALYZER_NONNULL = YES;
				CLANG_ANALYZER_NUMBER_OBJECT_CONVERSION = YES_AGGRESSIVE;
				CLANG_CXX_LANGUAGE_STANDARD = "gnu++20";
				CLANG_ENABLE_MODULES = YES;
				CLANG_ENABLE_OBJC_ARC = YES;
				CLANG_ENABLE_OBJC_WEAK = YES;
				CLANG_WARN_BLOCK_CAPTURE_AUTORELEASING = YES;
				CLANG_WARN_BOOL_CONVERSION = YES;
				CLANG_WARN_COMMA = YES;
				CLANG_WARN_CONSTANT_CONVERSION = YES;
				CLANG_WARN_DEPRECATED_OBJC_IMPLEMENTATIONS = YES;
				CLANG_WARN_DIRECT_OBJC_ISA_USAGE = YES_ERROR;
				CLANG_WARN_DOCUMENTATION_COMMENTS = YES;
				CLANG_WARN_EMPTY_BODY = YES;
				CLANG_WARN_ENUM_CONVERSION = YES;
				CLANG_WARN_INFINITE_RECURSION = YES;
				CLANG_WARN_INT_CONVERSION = YES;
				CLANG_WARN_NON_LITERAL_NULL_CONVERSION = YES;
				CLANG_WARN_OBJC_IMPLICIT_RETAIN_SELF = YES;
				CLANG_WARN_OBJC_LITERAL_CONVERSION = YES;
				CLANG_WARN_OBJC_ROOT_CLASS = YES_ERROR;
				CLANG_WARN_QUOTED_INCLUDE_IN_FRAMEWORK_HEADER = YES;
				CLANG_WARN_RANGE_LOOP_ANALYSIS = YES;
				CLANG_WARN_STRICT_PROTOTYPES = YES;
				CLANG_WARN_SUSPICIOUS_MOVE = YES;
				CLANG_WARN_UNGUARDED_AVAILABILITY = YES_AGGRESSIVE;
				CLANG_WARN_UNREACHABLE_CODE = YES;
				CLANG_WARN__DUPLICATE_METHOD_MATCH = YES;
				COPY_PHASE_STRIP = NO;
				DEBUG_INFORMATION_FORMAT = dwarf;
				ENABLE_STRICT_OBJC_MSGSEND = YES;
				ENABLE_TESTABILITY = YES;
				GCC_C_LANGUAGE_STANDARD = gnu11;
				GCC_DYNAMIC_NO_PIC = NO;
				GCC_NO_COMMON_BLOCKS = YES;
				GCC_OPTIMIZATION_LEVEL = 0;
				GCC_PREPROCESSOR_DEFINITIONS = (
					"DEBUG=1",
					"$(inherited)",
				);
				GCC_WARN_64_TO_32_BIT_CONVERSION = YES;
				GCC_WARN_ABOUT_RETURN_TYPE = YES_ERROR;
				GCC_WARN_UNDECLARED_SELECTOR = YES;
				GCC_WARN_UNINITIALIZED_AUTOS = YES_AGGRESSIVE;
				GCC_WARN_UNUSED_FUNCTION = YES;
				GCC_WARN_UNUSED_VARIABLE = YES;
				IPHONEOS_DEPLOYMENT_TARGET = 16.2;
				MTL_ENABLE_DEBUG_INFO = INCLUDE_SOURCE;
				MTL_FAST_MATH = YES;
				ONLY_ACTIVE_ARCH = YES;
				SDKROOT = iphoneos;
				SWIFT_ACTIVE_COMPILATION_CONDITIONS = DEBUG;
				SWIFT_OPTIMIZATION_LEVEL = "-Onone";
			};
			name = Debug;
		};
		8313DA7B29C7FBBE00BE7AC2 /* Release */ = {
			isa = XCBuildConfiguration;
			buildSettings = {
				ALWAYS_SEARCH_USER_PATHS = NO;
				CLANG_ANALYZER_NONNULL = YES;
				CLANG_ANALYZER_NUMBER_OBJECT_CONVERSION = YES_AGGRESSIVE;
				CLANG_CXX_LANGUAGE_STANDARD = "gnu++20";
				CLANG_ENABLE_MODULES = YES;
				CLANG_ENABLE_OBJC_ARC = YES;
				CLANG_ENABLE_OBJC_WEAK = YES;
				CLANG_WARN_BLOCK_CAPTURE_AUTORELEASING = YES;
				CLANG_WARN_BOOL_CONVERSION = YES;
				CLANG_WARN_COMMA = YES;
				CLANG_WARN_CONSTANT_CONVERSION = YES;
				CLANG_WARN_DEPRECATED_OBJC_IMPLEMENTATIONS = YES;
				CLANG_WARN_DIRECT_OBJC_ISA_USAGE = YES_ERROR;
				CLANG_WARN_DOCUMENTATION_COMMENTS = YES;
				CLANG_WARN_EMPTY_BODY = YES;
				CLANG_WARN_ENUM_CONVERSION = YES;
				CLANG_WARN_INFINITE_RECURSION = YES;
				CLANG_WARN_INT_CONVERSION = YES;
				CLANG_WARN_NON_LITERAL_NULL_CONVERSION = YES;
				CLANG_WARN_OBJC_IMPLICIT_RETAIN_SELF = YES;
				CLANG_WARN_OBJC_LITERAL_CONVERSION = YES;
				CLANG_WARN_OBJC_ROOT_CLASS = YES_ERROR;
				CLANG_WARN_QUOTED_INCLUDE_IN_FRAMEWORK_HEADER = YES;
				CLANG_WARN_RANGE_LOOP_ANALYSIS = YES;
				CLANG_WARN_STRICT_PROTOTYPES = YES;
				CLANG_WARN_SUSPICIOUS_MOVE = YES;
				CLANG_WARN_UNGUARDED_AVAILABILITY = YES_AGGRESSIVE;
				CLANG_WARN_UNREACHABLE_CODE = YES;
				CLANG_WARN__DUPLICATE_METHOD_MATCH = YES;
				COPY_PHASE_STRIP = NO;
				DEBUG_INFORMATION_FORMAT = "dwarf-with-dsym";
				ENABLE_NS_ASSERTIONS = NO;
				ENABLE_STRICT_OBJC_MSGSEND = YES;
				GCC_C_LANGUAGE_STANDARD = gnu11;
				GCC_NO_COMMON_BLOCKS = YES;
				GCC_WARN_64_TO_32_BIT_CONVERSION = YES;
				GCC_WARN_ABOUT_RETURN_TYPE = YES_ERROR;
				GCC_WARN_UNDECLARED_SELECTOR = YES;
				GCC_WARN_UNINITIALIZED_AUTOS = YES_AGGRESSIVE;
				GCC_WARN_UNUSED_FUNCTION = YES;
				GCC_WARN_UNUSED_VARIABLE = YES;
				IPHONEOS_DEPLOYMENT_TARGET = 16.2;
				MTL_ENABLE_DEBUG_INFO = NO;
				MTL_FAST_MATH = YES;
				SDKROOT = iphoneos;
				SWIFT_COMPILATION_MODE = wholemodule;
				SWIFT_OPTIMIZATION_LEVEL = "-O";
				VALIDATE_PRODUCT = YES;
			};
			name = Release;
		};
		8313DA7D29C7FBBE00BE7AC2 /* Debug */ = {
			isa = XCBuildConfiguration;
			buildSettings = {
				ASSETCATALOG_COMPILER_APPICON_NAME = AppIcon;
				ASSETCATALOG_COMPILER_GLOBAL_ACCENT_COLOR_NAME = AccentColor;
				CODE_SIGN_STYLE = Automatic;
				CURRENT_PROJECT_VERSION = 1;
				DEVELOPMENT_ASSET_PATHS = "\"Hustler/Preview Content\"";
				DEVELOPMENT_TEAM = PY37RTU33V;
				ENABLE_PREVIEWS = YES;
				GENERATE_INFOPLIST_FILE = YES;
				INFOPLIST_KEY_NSLocationAlwaysAndWhenInUseUsageDescription = "Hustler needs your location to continue";
				INFOPLIST_KEY_UIApplicationSceneManifest_Generation = YES;
				INFOPLIST_KEY_UIApplicationSupportsIndirectInputEvents = YES;
				INFOPLIST_KEY_UILaunchScreen_Generation = YES;
				INFOPLIST_KEY_UISupportedInterfaceOrientations_iPad = "UIInterfaceOrientationPortrait UIInterfaceOrientationPortraitUpsideDown UIInterfaceOrientationLandscapeLeft UIInterfaceOrientationLandscapeRight";
				INFOPLIST_KEY_UISupportedInterfaceOrientations_iPhone = "UIInterfaceOrientationPortrait UIInterfaceOrientationLandscapeLeft UIInterfaceOrientationLandscapeRight";
				LD_RUNPATH_SEARCH_PATHS = (
					"$(inherited)",
					"@executable_path/Frameworks",
				);
				MARKETING_VERSION = 1.0;
				PRODUCT_BUNDLE_IDENTIFIER = com.mj.Hustler;
				PRODUCT_NAME = "$(TARGET_NAME)";
				SWIFT_EMIT_LOC_STRINGS = YES;
				SWIFT_VERSION = 5.0;
				TARGETED_DEVICE_FAMILY = "1,2";
			};
			name = Debug;
		};
		8313DA7E29C7FBBE00BE7AC2 /* Release */ = {
			isa = XCBuildConfiguration;
			buildSettings = {
				ASSETCATALOG_COMPILER_APPICON_NAME = AppIcon;
				ASSETCATALOG_COMPILER_GLOBAL_ACCENT_COLOR_NAME = AccentColor;
				CODE_SIGN_STYLE = Automatic;
				CURRENT_PROJECT_VERSION = 1;
				DEVELOPMENT_ASSET_PATHS = "\"Hustler/Preview Content\"";
				DEVELOPMENT_TEAM = PY37RTU33V;
				ENABLE_PREVIEWS = YES;
				GENERATE_INFOPLIST_FILE = YES;
				INFOPLIST_KEY_NSLocationAlwaysAndWhenInUseUsageDescription = "Hustler needs your location to continue";
				INFOPLIST_KEY_UIApplicationSceneManifest_Generation = YES;
				INFOPLIST_KEY_UIApplicationSupportsIndirectInputEvents = YES;
				INFOPLIST_KEY_UILaunchScreen_Generation = YES;
				INFOPLIST_KEY_UISupportedInterfaceOrientations_iPad = "UIInterfaceOrientationPortrait UIInterfaceOrientationPortraitUpsideDown UIInterfaceOrientationLandscapeLeft UIInterfaceOrientationLandscapeRight";
				INFOPLIST_KEY_UISupportedInterfaceOrientations_iPhone = "UIInterfaceOrientationPortrait UIInterfaceOrientationLandscapeLeft UIInterfaceOrientationLandscapeRight";
				LD_RUNPATH_SEARCH_PATHS = (
					"$(inherited)",
					"@executable_path/Frameworks",
				);
				MARKETING_VERSION = 1.0;
				PRODUCT_BUNDLE_IDENTIFIER = com.mj.Hustler;
				PRODUCT_NAME = "$(TARGET_NAME)";
				SWIFT_EMIT_LOC_STRINGS = YES;
				SWIFT_VERSION = 5.0;
				TARGETED_DEVICE_FAMILY = "1,2";
			};
			name = Release;
		};
/* End XCBuildConfiguration section */

/* Begin XCConfigurationList section */
		8313DA6929C7FBBB00BE7AC2 /* Build configuration list for PBXProject "Hustler" */ = {
			isa = XCConfigurationList;
			buildConfigurations = (
				8313DA7A29C7FBBE00BE7AC2 /* Debug */,
				8313DA7B29C7FBBE00BE7AC2 /* Release */,
			);
			defaultConfigurationIsVisible = 0;
			defaultConfigurationName = Release;
		};
		8313DA7C29C7FBBE00BE7AC2 /* Build configuration list for PBXNativeTarget "Hustler" */ = {
			isa = XCConfigurationList;
			buildConfigurations = (
				8313DA7D29C7FBBE00BE7AC2 /* Debug */,
				8313DA7E29C7FBBE00BE7AC2 /* Release */,
			);
			defaultConfigurationIsVisible = 0;
			defaultConfigurationName = Release;
		};
/* End XCConfigurationList section */

/* Begin XCRemoteSwiftPackageReference section */
		16397A1C29CB9BE900BD05EA /* XCRemoteSwiftPackageReference "url-image" */ = {
			isa = XCRemoteSwiftPackageReference;
			repositoryURL = "https://github.com/dmytro-anokhin/url-image";
			requirement = {
				kind = upToNextMajorVersion;
				minimumVersion = 3.0.0;
			};
		};
		8313DA8129C7FFF700BE7AC2 /* XCRemoteSwiftPackageReference "firebase-ios-sdk" */ = {
			isa = XCRemoteSwiftPackageReference;
			repositoryURL = "https://github.com/firebase/firebase-ios-sdk";
			requirement = {
				kind = upToNextMajorVersion;
				minimumVersion = 9.0.0;
			};
		};
/* End XCRemoteSwiftPackageReference section */

/* Begin XCSwiftPackageProductDependency section */
		16397A1D29CB9BE900BD05EA /* URLImage */ = {
			isa = XCSwiftPackageProductDependency;
			package = 16397A1C29CB9BE900BD05EA /* XCRemoteSwiftPackageReference "url-image" */;
			productName = URLImage;
		};
		8313DA8229C7FFF700BE7AC2 /* FirebaseAuth */ = {
			isa = XCSwiftPackageProductDependency;
			package = 8313DA8129C7FFF700BE7AC2 /* XCRemoteSwiftPackageReference "firebase-ios-sdk" */;
			productName = FirebaseAuth;
		};
		8313DA8429C7FFF700BE7AC2 /* FirebaseFirestore */ = {
			isa = XCSwiftPackageProductDependency;
			package = 8313DA8129C7FFF700BE7AC2 /* XCRemoteSwiftPackageReference "firebase-ios-sdk" */;
			productName = FirebaseFirestore;
		};
		8313DA8629C7FFF700BE7AC2 /* FirebaseFirestoreSwift */ = {
			isa = XCSwiftPackageProductDependency;
			package = 8313DA8129C7FFF700BE7AC2 /* XCRemoteSwiftPackageReference "firebase-ios-sdk" */;
			productName = FirebaseFirestoreSwift;
		};
/* End XCSwiftPackageProductDependency section */
	};
	rootObject = 8313DA6629C7FBBB00BE7AC2 /* Project object */;
}
